
Microsoft Visual Studio Solution File, Format Version 12.00
# Visual Studio Version 17
VisualStudioVersion = 17.0.32126.317
MinimumVisualStudioVersion = 10.0.40219.1
Project("{FAE04EC0-301F-11D3-BF4B-00C04F79EFBC}") = "WTF", "WTF.csproj", "{D95CADE9-750A-4E41-B792-7CB8E4C4DBE3}"
EndProject
Project("{2150E333-8FDC-42A3-9474-1A3956D46DE8}") = "Solution Items", "Solution Items", "{CBB84C03-DF01-4600-9BFF-650336FFA4E6}"
	ProjectSection(SolutionItems) = preProject
		.editorconfig = .editorconfig
	EndProjectSection
EndProject
Global
	GlobalSection(SolutionConfigurationPlatforms) = preSolution
		Debug|Any CPU = Debug|Any CPU
		Release|Any CPU = Release|Any CPU
	EndGlobalSection
	GlobalSection(ProjectConfigurationPlatforms) = postSolution
		{D95CADE9-750A-4E41-B792-7CB8E4C4DBE3}.Debug|Any CPU.ActiveCfg = Debug|Any CPU
		{D95CADE9-750A-4E41-B792-7CB8E4C4DBE3}.Debug|Any CPU.Build.0 = Debug|Any CPU
		{D95CADE9-750A-4E41-B792-7CB8E4C4DBE3}.Release|Any CPU.ActiveCfg = Release|Any CPU
		{D95CADE9-750A-4E41-B792-7CB8E4C4DBE3}.Release|Any CPU.Build.0 = Release|Any CPU
	EndGlobalSection
	GlobalSection(SolutionProperties) = preSolution
		HideSolutionNode = FALSE
	EndGlobalSection
	GlobalSection(ExtensibilityGlobals) = postSolution
		SolutionGuid = {DC705078-0F16-4E2A-894D-0361C4C4F61B}
	EndGlobalSection
EndGlobal
